Microsoft Visual Studio Solution File, Format Version 12.00
# Visual Studio Version 17
VisualStudioVersion = 17.5.2.0
MinimumVisualStudioVersion = 10.0.40219.1
Project("{FAE04EC0-301F-11D3-BF4B-00C04F79EFBC}") = "IdentityManagement.API", "IdentityManagement.API.csproj", "{5359DA3E-74B3-47F9-2129-52B07E3842F2}"
EndProject
Global
	GlobalSection(SolutionConfigurationPlatforms) = preSolution
		Debug|Any CPU = Debug|Any CPU
		Release|Any CPU = Release|Any CPU
	EndGlobalSection
	GlobalSection(ProjectConfigurationPlatforms) = postSolution
		{5359DA3E-74B3-47F9-2129-52B07E3842F2}.Debug|Any CPU.ActiveCfg = Debug|Any CPU
		{5359DA3E-74B3-47F9-2129-52B07E3842F2}.Debug|Any CPU.Build.0 = Debug|Any CPU
		{5359DA3E-74B3-47F9-2129-52B07E3842F2}.Release|Any CPU.ActiveCfg = Release|Any CPU
		{5359DA3E-74B3-47F9-2129-52B07E3842F2}.Release|Any CPU.Build.0 = Release|Any CPU
	EndGlobalSection
	GlobalSection(SolutionProperties) = preSolution
		HideSolutionNode = FALSE
	EndGlobalSection
	GlobalSection(ExtensibilityGlobals) = postSolution
		SolutionGuid = {AAA6AA94-84A9-43D5-A646-CEB6CEF66CAF}
	EndGlobalSection
EndGlobal
